<?xml version="1.0" encoding="utf-8"?>
<Project ToolsVersion="4.0" xmlns="http://schemas.microsoft.com/developer/msbuild/2003">
  <ItemGroup>
    <ClCompile Include="Render\Camera.cpp">
      <Filter>Render</Filter>
    </ClCompile>
    <ClCompile Include="Render\Render.cpp">
      <Filter>Render</Filter>
    </ClCompile>
    <ClCompile Include="RenderUtils.cpp" />
    <ClCompile Include="main.cpp" />
    <ClCompile Include="callbacks.cpp" />
    <ClCompile Include="Vector3D.cpp" />
    <ClCompile Include="Particle.cpp" />
    <ClCompile Include="Proyectil.cpp" />
    <ClCompile Include="ParticleGenerator.cpp" />
    <ClCompile Include="Lluvia.cpp" />
    <ClCompile Include="Niebla.cpp" />
    <ClCompile Include="Party.cpp" />
    <ClCompile Include="ForceGenerator.cpp" />
    <ClCompile Include="FuerzaGravedad.cpp" />
    <ClCompile Include="ParticleForceRegister.cpp" />
    <ClCompile Include="WindForce.cpp" />
    <ClCompile Include="FuerzaTorbellino.cpp" />
    <ClCompile Include="FuerzaExplosion.cpp" />
    <ClCompile Include="MuchasParticulas.cpp" />
    <ClCompile Include="FuerzaMuelle.cpp" />
    <ClCompile Include="FuerzaMuelleFijo.cpp" />
    <ClCompile Include="FuerzaFlotacion.cpp" />
    <ClCompile Include="FuerzaGomaElastica.cpp" />
    <ClCompile Include="SolidoRigido.cpp" />
    <ClCompile Include="GeneradorSolidoRigido.cpp" />
    <ClCompile Include="SolidParty.cpp" />
    <ClCompile Include="SolidForceGenerator.cpp" />
    <ClCompile Include="SolidForceRegister.cpp" />
    <ClCompile Include="SolidWindForce.cpp" />
    <ClCompile Include="GenerarBala.cpp" />
    <ClCompile Include="ConejoAlien.cpp" />
    <ClCompile Include="SolidSeguirForce.cpp" />
    <ClCompile Include="SolidFuerzaMuelleFijo.cpp" />
    <ClCompile Include="GenerarEnemigo.cpp" />
  </ItemGroup>
  <ItemGroup>
    <ClInclude Include="core.hpp" />
    <ClInclude Include="Render\Camera.h">
      <Filter>Render</Filter>
    </ClInclude>
    <ClInclude Include="Render\Render.h">
      <Filter>Render</Filter>
    </ClInclude>
    <ClInclude Include="RenderUtils.hpp" />
    <ClInclude Include="callbacks.hpp" />
    <ClInclude Include="Vector3D.h" />
    <ClInclude Include="Particle.h" />
    <ClInclude Include="Proyectil.h" />
    <ClInclude Include="ParticleGenerator.h" />
    <ClInclude Include="Lluvia.h" />
    <ClInclude Include="Niebla.h" />
    <ClInclude Include="Party.h" />
    <ClInclude Include="ForceGenerator.h" />
    <ClInclude Include="FuerzaGravedad.h" />
    <ClInclude Include="ParticleForceRegister.h" />
    <ClInclude Include="WindForce.h" />
    <ClInclude Include="FuerzaTorbellino.h" />
    <ClInclude Include="FuerzaExplosion.h" />
    <ClInclude Include="MuchasParticulas.h" />
    <ClInclude Include="FuerzaMuelle.h" />
    <ClInclude Include="FuerzaMuelleFijo.h" />
    <ClInclude Include="FuerzaFlotacion.h" />
    <ClInclude Include="FuerzaGomaElastica.h" />
    <ClInclude Include="SolidoRigido.h" />
    <ClInclude Include="GeneradorSolidoRigido.h" />
    <ClInclude Include="SolidParty.h" />
    <ClInclude Include="SolidForceGenerator.h" />
    <ClInclude Include="SolidForceRegister.h" />
    <ClInclude Include="SolidWindForce.h" />
    <ClInclude Include="GenerarBala.h" />
    <ClInclude Include="ConejoAlien.h" />
    <ClInclude Include="SolidSeguirForce.h" />
    <ClInclude Include="SolidFuerzaMuelleFijo.h" />
    <ClInclude Include="GenerarEnemigo.h" />
  </ItemGroup>
  <ItemGroup>
    <Filter Include="Render">
      <UniqueIdentifier>{d04b4f9f-5a69-465e-8070-25c6d0bcd3c2}</UniqueIdentifier>
    </Filter>
  </ItemGroup>
</Project>